
Microsoft Visual Studio Solution File, Format Version 12.00
# Visual Studio 2013
VisualStudioVersion = 12.0.21005.1
MinimumVisualStudioVersion = 10.0.40219.1
Project("{FAE04EC0-301F-11D3-BF4B-00C04F79EFBC}") = "WCFHost", "WCFHost\WCFHost.csproj", "{53371FA0-29CD-4585-AEEE-69094FE40AB8}"
	ProjectSection(ProjectDependencies) = postProject
		{9B6D149E-DEAC-4BBB-A6A5-4619F0A239AA} = {9B6D149E-DEAC-4BBB-A6A5-4619F0A239AA}
	EndProjectSection
EndProject
Project("{FAE04EC0-301F-11D3-BF4B-00C04F79EFBC}") = "WCFClient", "WCFClient\WCFClient.csproj", "{F64956C0-CD3E-4464-8144-009373917788}"
	ProjectSection(ProjectDependencies) = postProject
		{9B6D149E-DEAC-4BBB-A6A5-4619F0A239AA} = {9B6D149E-DEAC-4BBB-A6A5-4619F0A239AA}
		{53371FA0-29CD-4585-AEEE-69094FE40AB8} = {53371FA0-29CD-4585-AEEE-69094FE40AB8}
	EndProjectSection
EndProject
Project("{FAE04EC0-301F-11D3-BF4B-00C04F79EFBC}") = "WcfService", "WcfService\WcfService.csproj", "{9B6D149E-DEAC-4BBB-A6A5-4619F0A239AA}"
EndProject
Project("{FAE04EC0-301F-11D3-BF4B-00C04F79EFBC}") = "Wcf", "Cosmweb\Cosmweb.Net.WCF\Wcf.csproj", "{AFA3F3E4-72F0-4F89-80BB-C35F82571825}"
EndProject
Global
	GlobalSection(SolutionConfigurationPlatforms) = preSolution
		Debug|Any CPU = Debug|Any CPU
		Release|Any CPU = Release|Any CPU
	EndGlobalSection
	GlobalSection(ProjectConfigurationPlatforms) = postSolution
		{53371FA0-29CD-4585-AEEE-69094FE40AB8}.Debug|Any CPU.ActiveCfg = Debug|Any CPU
		{53371FA0-29CD-4585-AEEE-69094FE40AB8}.Debug|Any CPU.Build.0 = Debug|Any CPU
		{53371FA0-29CD-4585-AEEE-69094FE40AB8}.Release|Any CPU.ActiveCfg = Release|Any CPU
		{53371FA0-29CD-4585-AEEE-69094FE40AB8}.Release|Any CPU.Build.0 = Release|Any CPU
		{F64956C0-CD3E-4464-8144-009373917788}.Debug|Any CPU.ActiveCfg = Debug|Any CPU
		{F64956C0-CD3E-4464-8144-009373917788}.Debug|Any CPU.Build.0 = Debug|Any CPU
		{F64956C0-CD3E-4464-8144-009373917788}.Release|Any CPU.ActiveCfg = Release|Any CPU
		{F64956C0-CD3E-4464-8144-009373917788}.Release|Any CPU.Build.0 = Release|Any CPU
		{9B6D149E-DEAC-4BBB-A6A5-4619F0A239AA}.Debug|Any CPU.ActiveCfg = Debug|Any CPU
		{9B6D149E-DEAC-4BBB-A6A5-4619F0A239AA}.Debug|Any CPU.Build.0 = Debug|Any CPU
		{9B6D149E-DEAC-4BBB-A6A5-4619F0A239AA}.Release|Any CPU.ActiveCfg = Release|Any CPU
		{9B6D149E-DEAC-4BBB-A6A5-4619F0A239AA}.Release|Any CPU.Build.0 = Release|Any CPU
		{AFA3F3E4-72F0-4F89-80BB-C35F82571825}.Debug|Any CPU.ActiveCfg = Debug|Any CPU
		{AFA3F3E4-72F0-4F89-80BB-C35F82571825}.Debug|Any CPU.Build.0 = Debug|Any CPU
		{AFA3F3E4-72F0-4F89-80BB-C35F82571825}.Release|Any CPU.ActiveCfg = Release|Any CPU
		{AFA3F3E4-72F0-4F89-80BB-C35F82571825}.Release|Any CPU.Build.0 = Release|Any CPU
	EndGlobalSection
	GlobalSection(SolutionProperties) = preSolution
		HideSolutionNode = FALSE
	EndGlobalSection
EndGlobal
